{
  "version": 4,
  "terraform_version": "1.5.7",
  "serial": 235,
  "lineage": "38ed676d-adad-7316-74db-de77518902cf",
  "outputs": {
    "virtual_network_id": {
      "value": "/subscriptions/eebc0b2a-9ff2-499c-9e75-1a32e8fe13b3/resourceGroups/jphaugland-usbank-rg/providers/Microsoft.Network/virtualNetworks/jphaugland-usbank-network",
      "type": "string"
    },
    "virtual_network_name": {
      "value": "jphaugland-usbank-network",
      "type": "string"
    }
  },
  "resources": [
    {
      "mode": "data",
      "type": "azurerm_ssh_public_key",
      "name": "ssh_key",
      "provider": "provider[\"registry.terraform.io/hashicorp/azurerm\"]",
      "instances": [
        {
          "schema_version": 0,
          "attributes": {
            "id": "/subscriptions/eebc0b2a-9ff2-499c-9e75-1a32e8fe13b3/resourceGroups/jhaugland-rg/providers/Microsoft.Compute/sshPublicKeys/jhaugland-eastus2",
            "name": "jhaugland-eastus2",
            "public_key": "ssh-rsa AAAAB3NzaC1yc2EAAAADAQABAAABgQC59ZASrgOzCdd1dRrJ+947LFtLfFKIvbV66Vk7zels+Yi1qFEOkNOawi6xq7LWBhd5ZLSy2ecTlZiF6TiEg6p2pL+atBMCOyeHEuwOZkmJ0AFYxfFW53XV7bKwlXZr6ewqJobVINXuwRU6kT5HuLZozh4eMzu7PRmbRlllq8cCIN2x1kH22Lf+rPE9oJgO7MQf5sN+qjSA+1L4N86/XimPz0veAE9OHyqg+QHICyEXnQDOPu9+eyZuXeVL6L2IQYbt7loB0z5wcdlAvL072cYX6nLHy7NZT/rYHUZzKnFdLHdafZpYO4qz9c0oI+9pF+YPE1494nO0ZbvEXxZ4H5fJLiVNMj2rS45jHc6p+OBZAgWV9iGW6ajWzzbBWpr8d0n9Lcy3+e26nTzF0itIP8DIFMl7fgu1bEd1LRdgHnGv/A3huVkduC7dJ4uJyqPlyMxibSXXLvEhTbBytRd9MPECvDSCIhBjYTLLP34Nz7zbadJxqH0YrFdTFezdNzyX0mU= generated-by-azure",
            "resource_group_name": "jhaugland-rg",
            "tags": {},
            "timeouts": null
          },
          "sensitive_attributes": []
        }
      ]
    },
    {
      "mode": "managed",
      "type": "azurerm_network_interface",
      "name": "app",
      "provider": "provider[\"registry.terraform.io/hashicorp/azurerm\"]",
      "instances": [
        {
          "index_key": 0,
          "schema_version": 0,
          "attributes": {
            "applied_dns_servers": [],
            "auxiliary_mode": "",
            "auxiliary_sku": "",
            "dns_servers": [],
            "edge_zone": "",
            "enable_accelerated_networking": false,
            "enable_ip_forwarding": false,
            "id": "/subscriptions/eebc0b2a-9ff2-499c-9e75-1a32e8fe13b3/resourceGroups/jphaugland-usbank-rg/providers/Microsoft.Network/networkInterfaces/jphaugland-usbank-ni-app",
            "internal_dns_name_label": "",
            "internal_domain_name_suffix": "wiamxbkgj0rebbjyaui2updfpb.cx.internal.cloudapp.net",
            "ip_configuration": [
              {
                "gateway_load_balancer_frontend_ip_configuration_id": "",
                "name": "network-interface-app-ip",
                "primary": true,
                "private_ip_address": "192.168.3.100",
                "private_ip_address_allocation": "Dynamic",
                "private_ip_address_version": "IPv4",
                "public_ip_address_id": "/subscriptions/eebc0b2a-9ff2-499c-9e75-1a32e8fe13b3/resourceGroups/jphaugland-usbank-rg/providers/Microsoft.Network/publicIPAddresses/jphaugland-usbank-public-ip-app",
                "subnet_id": "/subscriptions/eebc0b2a-9ff2-499c-9e75-1a32e8fe13b3/resourceGroups/jphaugland-usbank-rg/providers/Microsoft.Network/virtualNetworks/jphaugland-usbank-network/subnets/jphaugland-usbank-subnet-0"
              }
            ],
            "location": "eastus2",
            "mac_address": "",
            "name": "jphaugland-usbank-ni-app",
            "private_ip_address": "192.168.3.100",
            "private_ip_addresses": [
              "192.168.3.100"
            ],
            "resource_group_name": "jphaugland-usbank-rg",
            "tags": {
              "owner": "jphaugland"
            },
            "timeouts": null,
            "virtual_machine_id": ""
          },
          "sensitive_attributes": [],
          "private": "eyJlMmJmYjczMC1lY2FhLTExZTYtOGY4OC0zNDM2M2JjN2M0YzAiOnsiY3JlYXRlIjoxODAwMDAwMDAwMDAwLCJkZWxldGUiOjE4MDAwMDAwMDAwMDAsInJlYWQiOjMwMDAwMDAwMDAwMCwidXBkYXRlIjoxODAwMDAwMDAwMDAwfX0=",
          "dependencies": [
            "azurerm_public_ip.app-ip",
            "azurerm_resource_group.rg",
            "azurerm_subnet.sn",
            "azurerm_virtual_network.vm01"
          ]
        }
      ]
    },
    {
      "mode": "managed",
      "type": "azurerm_network_security_group",
      "name": "desktop-sg",
      "provider": "provider[\"registry.terraform.io/hashicorp/azurerm\"]",
      "instances": [
        {
          "schema_version": 0,
          "attributes": {
            "id": "/subscriptions/eebc0b2a-9ff2-499c-9e75-1a32e8fe13b3/resourceGroups/jphaugland-usbank-rg/providers/Microsoft.Network/networkSecurityGroups/jphaugland-usbank-sg",
            "location": "eastus2",
            "name": "jphaugland-usbank-sg",
            "resource_group_name": "jphaugland-usbank-rg",
            "security_rule": [
              {
                "access": "Allow",
                "description": "",
                "destination_address_prefix": "*",
                "destination_address_prefixes": [],
                "destination_application_security_group_ids": [],
                "destination_port_range": "",
                "destination_port_ranges": [
                  "2181",
                  "22",
                  "26257",
                  "8080",
                  "8081",
                  "8082",
                  "8083",
                  "8088",
                  "9021",
                  "9092",
                  "9093"
                ],
                "direction": "Inbound",
                "name": "Desktop-Access-To-SSH-HTTP-CRDB",
                "priority": 1001,
                "protocol": "*",
                "source_address_prefix": "174.141.204.193/32",
                "source_address_prefixes": [],
                "source_application_security_group_ids": [],
                "source_port_range": "*",
                "source_port_ranges": []
              }
            ],
            "tags": {
              "owner": "jphaugland"
            },
            "timeouts": null
          },
          "sensitive_attributes": [],
          "private": "eyJlMmJmYjczMC1lY2FhLTExZTYtOGY4OC0zNDM2M2JjN2M0YzAiOnsiY3JlYXRlIjoxODAwMDAwMDAwMDAwLCJkZWxldGUiOjE4MDAwMDAwMDAwMDAsInJlYWQiOjMwMDAwMDAwMDAwMCwidXBkYXRlIjoxODAwMDAwMDAwMDAwfX0=",
          "dependencies": [
            "azurerm_resource_group.rg"
          ]
        }
      ]
    },
    {
      "mode": "managed",
      "type": "azurerm_public_ip",
      "name": "app-ip",
      "provider": "provider[\"registry.terraform.io/hashicorp/azurerm\"]",
      "instances": [
        {
          "index_key": 0,
          "schema_version": 0,
          "attributes": {
            "allocation_method": "Dynamic",
            "ddos_protection_mode": "VirtualNetworkInherited",
            "ddos_protection_plan_id": null,
            "domain_name_label": null,
            "edge_zone": "",
            "fqdn": null,
            "id": "/subscriptions/eebc0b2a-9ff2-499c-9e75-1a32e8fe13b3/resourceGroups/jphaugland-usbank-rg/providers/Microsoft.Network/publicIPAddresses/jphaugland-usbank-public-ip-app",
            "idle_timeout_in_minutes": 4,
            "ip_address": "",
            "ip_tags": {},
            "ip_version": "IPv4",
            "location": "eastus2",
            "name": "jphaugland-usbank-public-ip-app",
            "public_ip_prefix_id": null,
            "resource_group_name": "jphaugland-usbank-rg",
            "reverse_fqdn": null,
            "sku": "Basic",
            "sku_tier": "Regional",
            "tags": {
              "owner": "jphaugland"
            },
            "timeouts": null,
            "zones": []
          },
          "sensitive_attributes": [],
          "private": "eyJlMmJmYjczMC1lY2FhLTExZTYtOGY4OC0zNDM2M2JjN2M0YzAiOnsiY3JlYXRlIjoxODAwMDAwMDAwMDAwLCJkZWxldGUiOjE4MDAwMDAwMDAwMDAsInJlYWQiOjMwMDAwMDAwMDAwMCwidXBkYXRlIjoxODAwMDAwMDAwMDAwfX0=",
          "dependencies": [
            "azurerm_resource_group.rg"
          ]
        }
      ]
    },
    {
      "mode": "managed",
      "type": "azurerm_resource_group",
      "name": "rg",
      "provider": "provider[\"registry.terraform.io/hashicorp/azurerm\"]",
      "instances": [
        {
          "index_key": 0,
          "schema_version": 0,
          "attributes": {
            "id": "/subscriptions/eebc0b2a-9ff2-499c-9e75-1a32e8fe13b3/resourceGroups/jphaugland-usbank-rg",
            "location": "eastus2",
            "managed_by": "",
            "name": "jphaugland-usbank-rg",
            "tags": {
              "owner": "jphaugland"
            },
            "timeouts": null
          },
          "sensitive_attributes": [],
          "private": "eyJlMmJmYjczMC1lY2FhLTExZTYtOGY4OC0zNDM2M2JjN2M0YzAiOnsiY3JlYXRlIjo1NDAwMDAwMDAwMDAwLCJkZWxldGUiOjU0MDAwMDAwMDAwMDAsInJlYWQiOjMwMDAwMDAwMDAwMCwidXBkYXRlIjo1NDAwMDAwMDAwMDAwfX0="
        }
      ]
    },
    {
      "mode": "managed",
      "type": "azurerm_subnet",
      "name": "sn",
      "provider": "provider[\"registry.terraform.io/hashicorp/azurerm\"]",
      "instances": [
        {
          "index_key": 0,
          "schema_version": 0,
          "attributes": {
            "address_prefixes": [
              "192.168.3.96/27"
            ],
            "delegation": [],
            "enforce_private_link_endpoint_network_policies": false,
            "enforce_private_link_service_network_policies": false,
            "id": "/subscriptions/eebc0b2a-9ff2-499c-9e75-1a32e8fe13b3/resourceGroups/jphaugland-usbank-rg/providers/Microsoft.Network/virtualNetworks/jphaugland-usbank-network/subnets/jphaugland-usbank-subnet-0",
            "name": "jphaugland-usbank-subnet-0",
            "private_endpoint_network_policies_enabled": true,
            "private_link_service_network_policies_enabled": true,
            "resource_group_name": "jphaugland-usbank-rg",
            "service_endpoint_policy_ids": [],
            "service_endpoints": [],
            "timeouts": null,
            "virtual_network_name": "jphaugland-usbank-network"
          },
          "sensitive_attributes": [],
          "private": "eyJlMmJmYjczMC1lY2FhLTExZTYtOGY4OC0zNDM2M2JjN2M0YzAiOnsiY3JlYXRlIjoxODAwMDAwMDAwMDAwLCJkZWxldGUiOjE4MDAwMDAwMDAwMDAsInJlYWQiOjMwMDAwMDAwMDAwMCwidXBkYXRlIjoxODAwMDAwMDAwMDAwfX0=",
          "dependencies": [
            "azurerm_resource_group.rg",
            "azurerm_virtual_network.vm01"
          ]
        },
        {
          "index_key": 1,
          "schema_version": 0,
          "attributes": {
            "address_prefixes": [
              "192.168.3.128/27"
            ],
            "delegation": [],
            "enforce_private_link_endpoint_network_policies": false,
            "enforce_private_link_service_network_policies": false,
            "id": "/subscriptions/eebc0b2a-9ff2-499c-9e75-1a32e8fe13b3/resourceGroups/jphaugland-usbank-rg/providers/Microsoft.Network/virtualNetworks/jphaugland-usbank-network/subnets/jphaugland-usbank-subnet-1",
            "name": "jphaugland-usbank-subnet-1",
            "private_endpoint_network_policies_enabled": true,
            "private_link_service_network_policies_enabled": true,
            "resource_group_name": "jphaugland-usbank-rg",
            "service_endpoint_policy_ids": [],
            "service_endpoints": [],
            "timeouts": null,
            "virtual_network_name": "jphaugland-usbank-network"
          },
          "sensitive_attributes": [],
          "private": "eyJlMmJmYjczMC1lY2FhLTExZTYtOGY4OC0zNDM2M2JjN2M0YzAiOnsiY3JlYXRlIjoxODAwMDAwMDAwMDAwLCJkZWxldGUiOjE4MDAwMDAwMDAwMDAsInJlYWQiOjMwMDAwMDAwMDAwMCwidXBkYXRlIjoxODAwMDAwMDAwMDAwfX0=",
          "dependencies": [
            "azurerm_resource_group.rg",
            "azurerm_virtual_network.vm01"
          ]
        },
        {
          "index_key": 2,
          "schema_version": 0,
          "attributes": {
            "address_prefixes": [
              "192.168.3.160/27"
            ],
            "delegation": [],
            "enforce_private_link_endpoint_network_policies": false,
            "enforce_private_link_service_network_policies": false,
            "id": "/subscriptions/eebc0b2a-9ff2-499c-9e75-1a32e8fe13b3/resourceGroups/jphaugland-usbank-rg/providers/Microsoft.Network/virtualNetworks/jphaugland-usbank-network/subnets/jphaugland-usbank-subnet-2",
            "name": "jphaugland-usbank-subnet-2",
            "private_endpoint_network_policies_enabled": true,
            "private_link_service_network_policies_enabled": true,
            "resource_group_name": "jphaugland-usbank-rg",
            "service_endpoint_policy_ids": [],
            "service_endpoints": [],
            "timeouts": null,
            "virtual_network_name": "jphaugland-usbank-network"
          },
          "sensitive_attributes": [],
          "private": "eyJlMmJmYjczMC1lY2FhLTExZTYtOGY4OC0zNDM2M2JjN2M0YzAiOnsiY3JlYXRlIjoxODAwMDAwMDAwMDAwLCJkZWxldGUiOjE4MDAwMDAwMDAwMDAsInJlYWQiOjMwMDAwMDAwMDAwMCwidXBkYXRlIjoxODAwMDAwMDAwMDAwfX0=",
          "dependencies": [
            "azurerm_resource_group.rg",
            "azurerm_virtual_network.vm01"
          ]
        }
      ]
    },
    {
      "mode": "managed",
      "type": "azurerm_subnet_network_security_group_association",
      "name": "desktop-access",
      "provider": "provider[\"registry.terraform.io/hashicorp/azurerm\"]",
      "instances": [
        {
          "index_key": 0,
          "schema_version": 0,
          "attributes": {
            "id": "/subscriptions/eebc0b2a-9ff2-499c-9e75-1a32e8fe13b3/resourceGroups/jphaugland-usbank-rg/providers/Microsoft.Network/virtualNetworks/jphaugland-usbank-network/subnets/jphaugland-usbank-subnet-0",
            "network_security_group_id": "/subscriptions/eebc0b2a-9ff2-499c-9e75-1a32e8fe13b3/resourceGroups/jphaugland-usbank-rg/providers/Microsoft.Network/networkSecurityGroups/jphaugland-usbank-sg",
            "subnet_id": "/subscriptions/eebc0b2a-9ff2-499c-9e75-1a32e8fe13b3/resourceGroups/jphaugland-usbank-rg/providers/Microsoft.Network/virtualNetworks/jphaugland-usbank-network/subnets/jphaugland-usbank-subnet-0",
            "timeouts": null
          },
          "sensitive_attributes": [],
          "private": "eyJlMmJmYjczMC1lY2FhLTExZTYtOGY4OC0zNDM2M2JjN2M0YzAiOnsiY3JlYXRlIjoxODAwMDAwMDAwMDAwLCJkZWxldGUiOjE4MDAwMDAwMDAwMDAsInJlYWQiOjMwMDAwMDAwMDAwMH19",
          "dependencies": [
            "azurerm_network_security_group.desktop-sg",
            "azurerm_resource_group.rg",
            "azurerm_subnet.sn",
            "azurerm_virtual_network.vm01"
          ]
        },
        {
          "index_key": 1,
          "schema_version": 0,
          "attributes": {
            "id": "/subscriptions/eebc0b2a-9ff2-499c-9e75-1a32e8fe13b3/resourceGroups/jphaugland-usbank-rg/providers/Microsoft.Network/virtualNetworks/jphaugland-usbank-network/subnets/jphaugland-usbank-subnet-1",
            "network_security_group_id": "/subscriptions/eebc0b2a-9ff2-499c-9e75-1a32e8fe13b3/resourceGroups/jphaugland-usbank-rg/providers/Microsoft.Network/networkSecurityGroups/jphaugland-usbank-sg",
            "subnet_id": "/subscriptions/eebc0b2a-9ff2-499c-9e75-1a32e8fe13b3/resourceGroups/jphaugland-usbank-rg/providers/Microsoft.Network/virtualNetworks/jphaugland-usbank-network/subnets/jphaugland-usbank-subnet-1",
            "timeouts": null
          },
          "sensitive_attributes": [],
          "private": "eyJlMmJmYjczMC1lY2FhLTExZTYtOGY4OC0zNDM2M2JjN2M0YzAiOnsiY3JlYXRlIjoxODAwMDAwMDAwMDAwLCJkZWxldGUiOjE4MDAwMDAwMDAwMDAsInJlYWQiOjMwMDAwMDAwMDAwMH19",
          "dependencies": [
            "azurerm_network_security_group.desktop-sg",
            "azurerm_resource_group.rg",
            "azurerm_subnet.sn",
            "azurerm_virtual_network.vm01"
          ]
        },
        {
          "index_key": 2,
          "schema_version": 0,
          "attributes": {
            "id": "/subscriptions/eebc0b2a-9ff2-499c-9e75-1a32e8fe13b3/resourceGroups/jphaugland-usbank-rg/providers/Microsoft.Network/virtualNetworks/jphaugland-usbank-network/subnets/jphaugland-usbank-subnet-2",
            "network_security_group_id": "/subscriptions/eebc0b2a-9ff2-499c-9e75-1a32e8fe13b3/resourceGroups/jphaugland-usbank-rg/providers/Microsoft.Network/networkSecurityGroups/jphaugland-usbank-sg",
            "subnet_id": "/subscriptions/eebc0b2a-9ff2-499c-9e75-1a32e8fe13b3/resourceGroups/jphaugland-usbank-rg/providers/Microsoft.Network/virtualNetworks/jphaugland-usbank-network/subnets/jphaugland-usbank-subnet-2",
            "timeouts": null
          },
          "sensitive_attributes": [],
          "private": "eyJlMmJmYjczMC1lY2FhLTExZTYtOGY4OC0zNDM2M2JjN2M0YzAiOnsiY3JlYXRlIjoxODAwMDAwMDAwMDAwLCJkZWxldGUiOjE4MDAwMDAwMDAwMDAsInJlYWQiOjMwMDAwMDAwMDAwMH19",
          "dependencies": [
            "azurerm_network_security_group.desktop-sg",
            "azurerm_resource_group.rg",
            "azurerm_subnet.sn",
            "azurerm_virtual_network.vm01"
          ]
        }
      ]
    },
    {
      "mode": "managed",
      "type": "azurerm_virtual_network",
      "name": "vm01",
      "provider": "provider[\"registry.terraform.io/hashicorp/azurerm\"]",
      "instances": [
        {
          "schema_version": 0,
          "attributes": {
            "address_space": [
              "192.168.3.0/24"
            ],
            "bgp_community": "",
            "ddos_protection_plan": [],
            "dns_servers": [],
            "edge_zone": "",
            "encryption": [],
            "flow_timeout_in_minutes": 0,
            "guid": "85cb00b2-4e46-40a2-8538-0511ca3c6579",
            "id": "/subscriptions/eebc0b2a-9ff2-499c-9e75-1a32e8fe13b3/resourceGroups/jphaugland-usbank-rg/providers/Microsoft.Network/virtualNetworks/jphaugland-usbank-network",
            "location": "eastus2",
            "name": "jphaugland-usbank-network",
            "resource_group_name": "jphaugland-usbank-rg",
            "subnet": [
              {
                "address_prefix": "192.168.3.128/27",
                "id": "/subscriptions/eebc0b2a-9ff2-499c-9e75-1a32e8fe13b3/resourceGroups/jphaugland-usbank-rg/providers/Microsoft.Network/virtualNetworks/jphaugland-usbank-network/subnets/jphaugland-usbank-subnet-1",
                "name": "jphaugland-usbank-subnet-1",
                "security_group": "/subscriptions/eebc0b2a-9ff2-499c-9e75-1a32e8fe13b3/resourceGroups/jphaugland-usbank-rg/providers/Microsoft.Network/networkSecurityGroups/jphaugland-usbank-sg"
              },
              {
                "address_prefix": "192.168.3.160/27",
                "id": "/subscriptions/eebc0b2a-9ff2-499c-9e75-1a32e8fe13b3/resourceGroups/jphaugland-usbank-rg/providers/Microsoft.Network/virtualNetworks/jphaugland-usbank-network/subnets/jphaugland-usbank-subnet-2",
                "name": "jphaugland-usbank-subnet-2",
                "security_group": "/subscriptions/eebc0b2a-9ff2-499c-9e75-1a32e8fe13b3/resourceGroups/jphaugland-usbank-rg/providers/Microsoft.Network/networkSecurityGroups/jphaugland-usbank-sg"
              },
              {
                "address_prefix": "192.168.3.96/27",
                "id": "/subscriptions/eebc0b2a-9ff2-499c-9e75-1a32e8fe13b3/resourceGroups/jphaugland-usbank-rg/providers/Microsoft.Network/virtualNetworks/jphaugland-usbank-network/subnets/jphaugland-usbank-subnet-0",
                "name": "jphaugland-usbank-subnet-0",
                "security_group": "/subscriptions/eebc0b2a-9ff2-499c-9e75-1a32e8fe13b3/resourceGroups/jphaugland-usbank-rg/providers/Microsoft.Network/networkSecurityGroups/jphaugland-usbank-sg"
              }
            ],
            "tags": {
              "owner": "jphaugland"
            },
            "timeouts": null
          },
          "sensitive_attributes": [],
          "private": "eyJlMmJmYjczMC1lY2FhLTExZTYtOGY4OC0zNDM2M2JjN2M0YzAiOnsiY3JlYXRlIjoxODAwMDAwMDAwMDAwLCJkZWxldGUiOjE4MDAwMDAwMDAwMDAsInJlYWQiOjMwMDAwMDAwMDAwMCwidXBkYXRlIjoxODAwMDAwMDAwMDAwfX0=",
          "dependencies": [
            "azurerm_resource_group.rg"
          ]
        }
      ]
    }
  ],
  "check_results": null
}
